
Microsoft Visual Studio Solution File, Format Version 12.00
# Visual Studio Version 17
VisualStudioVersion = 17.4.33205.214
MinimumVisualStudioVersion = 10.0.40219.1
Project("{FAE04EC0-301F-11D3-BF4B-00C04F79EFBC}") = "BaoCaoWebNangCao", "BaoCaoWebNangCao\BaoCaoWebNangCao.csproj", "{D338F960-9D79-46DC-BF0E-53C7F92D3FBF}"
EndProject
Global
	GlobalSection(SolutionConfigurationPlatforms) = preSolution
		Debug|Any CPU = Debug|Any CPU
		Release|Any CPU = Release|Any CPU
	EndGlobalSection
	GlobalSection(ProjectConfigurationPlatforms) = postSolution
		{D338F960-9D79-46DC-BF0E-53C7F92D3FBF}.Debug|Any CPU.ActiveCfg = Debug|Any CPU
		{D338F960-9D79-46DC-BF0E-53C7F92D3FBF}.Debug|Any CPU.Build.0 = Debug|Any CPU
		{D338F960-9D79-46DC-BF0E-53C7F92D3FBF}.Release|Any CPU.ActiveCfg = Release|Any CPU
		{D338F960-9D79-46DC-BF0E-53C7F92D3FBF}.Release|Any CPU.Build.0 = Release|Any CPU
	EndGlobalSection
	GlobalSection(SolutionProperties) = preSolution
		HideSolutionNode = FALSE
	EndGlobalSection
	GlobalSection(ExtensibilityGlobals) = postSolution
		SolutionGuid = {FF10C76F-4DBD-4C23-BF8D-0493AED068FC}
	EndGlobalSection
EndGlobal
